
Microsoft Visual Studio Solution File, Format Version 12.00
# Visual Studio Version 17
VisualStudioVersion = 17.4.33122.133
MinimumVisualStudioVersion = 10.0.40219.1
Project("{9A19103F-16F7-4668-BE54-9A1E7A4F7556}") = "Santa Project", "Santa Project\Santa Project.csproj", "{7B464E66-9ABE-4D28-B280-F69C09795E5D}"
EndProject
Project("{9A19103F-16F7-4668-BE54-9A1E7A4F7556}") = "Santa Project.Tests", "Santa Project.Tests\Santa Project.Tests.csproj", "{DD6331D2-FC32-4131-BCA0-3BF41397209D}"
EndProject
Global
	GlobalSection(SolutionConfigurationPlatforms) = preSolution
		Debug|Any CPU = Debug|Any CPU
		Release|Any CPU = Release|Any CPU
	EndGlobalSection
	GlobalSection(ProjectConfigurationPlatforms) = postSolution
		{7B464E66-9ABE-4D28-B280-F69C09795E5D}.Debug|Any CPU.ActiveCfg = Debug|Any CPU
		{7B464E66-9ABE-4D28-B280-F69C09795E5D}.Debug|Any CPU.Build.0 = Debug|Any CPU
		{7B464E66-9ABE-4D28-B280-F69C09795E5D}.Release|Any CPU.ActiveCfg = Release|Any CPU
		{7B464E66-9ABE-4D28-B280-F69C09795E5D}.Release|Any CPU.Build.0 = Release|Any CPU
		{DD6331D2-FC32-4131-BCA0-3BF41397209D}.Debug|Any CPU.ActiveCfg = Debug|Any CPU
		{DD6331D2-FC32-4131-BCA0-3BF41397209D}.Debug|Any CPU.Build.0 = Debug|Any CPU
		{DD6331D2-FC32-4131-BCA0-3BF41397209D}.Release|Any CPU.ActiveCfg = Release|Any CPU
		{DD6331D2-FC32-4131-BCA0-3BF41397209D}.Release|Any CPU.Build.0 = Release|Any CPU
	EndGlobalSection
	GlobalSection(SolutionProperties) = preSolution
		HideSolutionNode = FALSE
	EndGlobalSection
	GlobalSection(ExtensibilityGlobals) = postSolution
		SolutionGuid = {EBC72966-28AC-42B8-BB47-786CD4AD1CC2}
	EndGlobalSection
EndGlobal
